
Microsoft Visual Studio Solution File, Format Version 12.00
# Visual Studio Version 16
VisualStudioVersion = 16.0.28803.352
MinimumVisualStudioVersion = 10.0.40219.1
Project("{2150E333-8FDC-42A3-9474-1A3956D46DE8}") = "Test", "Test", "{3FB61CC9-D93D-4862-A444-EB3C05F44020}"
EndProject
Project("{9A19103F-16F7-4668-BE54-9A1E7A4F7556}") = "Bamboo.ScriptEngine.Core", "Bamboo.ScriptEngine.Core\Bamboo.ScriptEngine.Core.csproj", "{BFC80EC4-06C2-4D50-8969-4C3151F6A13A}"
EndProject
Project("{9A19103F-16F7-4668-BE54-9A1E7A4F7556}") = "Bamboo.ScriptEngine.CSharp", "Bamboo.ScriptEngine.CSharp\Bamboo.ScriptEngine.CSharp.csproj", "{F4AF150E-0B26-49EA-A289-13B9962CB862}"
EndProject
Project("{9A19103F-16F7-4668-BE54-9A1E7A4F7556}") = "Test.Bamboo.ScriptEngine.CSharp", "Tests\Test.Bamboo.ScriptEngine.CSharp\Test.Bamboo.ScriptEngine.CSharp.csproj", "{15137ADD-881A-4242-939F-1778A9D612B9}"
EndProject
Project("{2150E333-8FDC-42A3-9474-1A3956D46DE8}") = "ScriptEngine", "ScriptEngine", "{0D22A4C7-2511-4619-B318-118ACE0D66DF}"
EndProject
Project("{9A19103F-16F7-4668-BE54-9A1E7A4F7556}") = "Chameleon.Faas.CSharp.Api", "Chameleon.Faas.CSharp.Api\Chameleon.Faas.CSharp.Api.csproj", "{A51E7429-6F6D-4A77-9FE5-A5F013E16BC9}"
EndProject
Project("{2150E333-8FDC-42A3-9474-1A3956D46DE8}") = "Tests", "Tests", "{F10D7C6F-835C-48B0-9600-31B4AB964C75}"
EndProject
Project("{2150E333-8FDC-42A3-9474-1A3956D46DE8}") = "Faas", "Faas", "{1AB332FE-C2C9-4EBD-A988-4D7158FF2FE3}"
EndProject
Project("{9A19103F-16F7-4668-BE54-9A1E7A4F7556}") = "Chameleon.Faas.Service", "Chameleon.Faas.Service\Chameleon.Faas.Service.csproj", "{5B75133E-8709-49F3-827C-8204C0F3E69B}"
EndProject
Project("{2150E333-8FDC-42A3-9474-1A3956D46DE8}") = "Web", "Web", "{8EBB6981-8B0D-4591-8CB4-9B8CD14896C9}"
EndProject
Project("{9A19103F-16F7-4668-BE54-9A1E7A4F7556}") = "Test.Chameleon.Faas", "Tests\Test.Chameleon.Faas\Test.Chameleon.Faas.csproj", "{8DBEE874-0541-456F-A545-F3F1CBDCB7ED}"
EndProject
Global
	GlobalSection(SolutionConfigurationPlatforms) = preSolution
		Debug|Any CPU = Debug|Any CPU
		Release|Any CPU = Release|Any CPU
	EndGlobalSection
	GlobalSection(ProjectConfigurationPlatforms) = postSolution
		{BFC80EC4-06C2-4D50-8969-4C3151F6A13A}.Debug|Any CPU.ActiveCfg = Debug|Any CPU
		{BFC80EC4-06C2-4D50-8969-4C3151F6A13A}.Debug|Any CPU.Build.0 = Debug|Any CPU
		{BFC80EC4-06C2-4D50-8969-4C3151F6A13A}.Release|Any CPU.ActiveCfg = Release|Any CPU
		{BFC80EC4-06C2-4D50-8969-4C3151F6A13A}.Release|Any CPU.Build.0 = Release|Any CPU
		{F4AF150E-0B26-49EA-A289-13B9962CB862}.Debug|Any CPU.ActiveCfg = Debug|Any CPU
		{F4AF150E-0B26-49EA-A289-13B9962CB862}.Debug|Any CPU.Build.0 = Debug|Any CPU
		{F4AF150E-0B26-49EA-A289-13B9962CB862}.Release|Any CPU.ActiveCfg = Release|Any CPU
		{F4AF150E-0B26-49EA-A289-13B9962CB862}.Release|Any CPU.Build.0 = Release|Any CPU
		{15137ADD-881A-4242-939F-1778A9D612B9}.Debug|Any CPU.ActiveCfg = Debug|Any CPU
		{15137ADD-881A-4242-939F-1778A9D612B9}.Debug|Any CPU.Build.0 = Debug|Any CPU
		{15137ADD-881A-4242-939F-1778A9D612B9}.Release|Any CPU.ActiveCfg = Release|Any CPU
		{15137ADD-881A-4242-939F-1778A9D612B9}.Release|Any CPU.Build.0 = Release|Any CPU
		{A51E7429-6F6D-4A77-9FE5-A5F013E16BC9}.Debug|Any CPU.ActiveCfg = Debug|Any CPU
		{A51E7429-6F6D-4A77-9FE5-A5F013E16BC9}.Debug|Any CPU.Build.0 = Debug|Any CPU
		{A51E7429-6F6D-4A77-9FE5-A5F013E16BC9}.Release|Any CPU.ActiveCfg = Release|Any CPU
		{A51E7429-6F6D-4A77-9FE5-A5F013E16BC9}.Release|Any CPU.Build.0 = Release|Any CPU
		{5B75133E-8709-49F3-827C-8204C0F3E69B}.Debug|Any CPU.ActiveCfg = Debug|Any CPU
		{5B75133E-8709-49F3-827C-8204C0F3E69B}.Debug|Any CPU.Build.0 = Debug|Any CPU
		{5B75133E-8709-49F3-827C-8204C0F3E69B}.Release|Any CPU.ActiveCfg = Release|Any CPU
		{5B75133E-8709-49F3-827C-8204C0F3E69B}.Release|Any CPU.Build.0 = Release|Any CPU
		{8DBEE874-0541-456F-A545-F3F1CBDCB7ED}.Debug|Any CPU.ActiveCfg = Debug|Any CPU
		{8DBEE874-0541-456F-A545-F3F1CBDCB7ED}.Debug|Any CPU.Build.0 = Debug|Any CPU
		{8DBEE874-0541-456F-A545-F3F1CBDCB7ED}.Release|Any CPU.ActiveCfg = Release|Any CPU
		{8DBEE874-0541-456F-A545-F3F1CBDCB7ED}.Release|Any CPU.Build.0 = Release|Any CPU
	EndGlobalSection
	GlobalSection(SolutionProperties) = preSolution
		HideSolutionNode = FALSE
	EndGlobalSection
	GlobalSection(NestedProjects) = preSolution
		{3FB61CC9-D93D-4862-A444-EB3C05F44020} = {0D22A4C7-2511-4619-B318-118ACE0D66DF}
		{BFC80EC4-06C2-4D50-8969-4C3151F6A13A} = {0D22A4C7-2511-4619-B318-118ACE0D66DF}
		{F4AF150E-0B26-49EA-A289-13B9962CB862} = {0D22A4C7-2511-4619-B318-118ACE0D66DF}
		{15137ADD-881A-4242-939F-1778A9D612B9} = {3FB61CC9-D93D-4862-A444-EB3C05F44020}
		{A51E7429-6F6D-4A77-9FE5-A5F013E16BC9} = {8EBB6981-8B0D-4591-8CB4-9B8CD14896C9}
		{F10D7C6F-835C-48B0-9600-31B4AB964C75} = {1AB332FE-C2C9-4EBD-A988-4D7158FF2FE3}
		{5B75133E-8709-49F3-827C-8204C0F3E69B} = {1AB332FE-C2C9-4EBD-A988-4D7158FF2FE3}
		{8EBB6981-8B0D-4591-8CB4-9B8CD14896C9} = {1AB332FE-C2C9-4EBD-A988-4D7158FF2FE3}
		{8DBEE874-0541-456F-A545-F3F1CBDCB7ED} = {F10D7C6F-835C-48B0-9600-31B4AB964C75}
	EndGlobalSection
	GlobalSection(ExtensibilityGlobals) = postSolution
		SolutionGuid = {FBE79796-2006-401D-A73B-A1D480D80DC2}
	EndGlobalSection
EndGlobal
