
Microsoft Visual Studio Solution File, Format Version 12.00
# Visual Studio Version 17
VisualStudioVersion = 17.6.33829.357
MinimumVisualStudioVersion = 10.0.40219.1
Project("{9A19103F-16F7-4668-BE54-9A1E7A4F7556}") = "Chameleon.Faas.CSharp.Api", "Chameleon.Faas.CSharp.Api\Chameleon.Faas.CSharp.Api.csproj", "{A51E7429-6F6D-4A77-9FE5-A5F013E16BC9}"
EndProject
Project("{9A19103F-16F7-4668-BE54-9A1E7A4F7556}") = "Test.Chameleon.Faas", "Test.Chameleon.Faas\Test.Chameleon.Faas.csproj", "{8DBEE874-0541-456F-A545-F3F1CBDCB7ED}"
EndProject
Project("{9A19103F-16F7-4668-BE54-9A1E7A4F7556}") = "Chameleon.Faas.CSharp.Service", "Chameleon.Faas.CSharp.Service\Chameleon.Faas.CSharp.Service.csproj", "{569D7726-5194-4438-97A4-0136524F38A0}"
EndProject
Global
	GlobalSection(SolutionConfigurationPlatforms) = preSolution
		Debug|Any CPU = Debug|Any CPU
		Release|Any CPU = Release|Any CPU
	EndGlobalSection
	GlobalSection(ProjectConfigurationPlatforms) = postSolution
		{A51E7429-6F6D-4A77-9FE5-A5F013E16BC9}.Debug|Any CPU.ActiveCfg = Debug|Any CPU
		{A51E7429-6F6D-4A77-9FE5-A5F013E16BC9}.Debug|Any CPU.Build.0 = Debug|Any CPU
		{A51E7429-6F6D-4A77-9FE5-A5F013E16BC9}.Release|Any CPU.ActiveCfg = Release|Any CPU
		{A51E7429-6F6D-4A77-9FE5-A5F013E16BC9}.Release|Any CPU.Build.0 = Release|Any CPU
		{8DBEE874-0541-456F-A545-F3F1CBDCB7ED}.Debug|Any CPU.ActiveCfg = Debug|Any CPU
		{8DBEE874-0541-456F-A545-F3F1CBDCB7ED}.Debug|Any CPU.Build.0 = Debug|Any CPU
		{8DBEE874-0541-456F-A545-F3F1CBDCB7ED}.Release|Any CPU.ActiveCfg = Release|Any CPU
		{8DBEE874-0541-456F-A545-F3F1CBDCB7ED}.Release|Any CPU.Build.0 = Release|Any CPU
		{569D7726-5194-4438-97A4-0136524F38A0}.Debug|Any CPU.ActiveCfg = Debug|Any CPU
		{569D7726-5194-4438-97A4-0136524F38A0}.Debug|Any CPU.Build.0 = Debug|Any CPU
		{569D7726-5194-4438-97A4-0136524F38A0}.Release|Any CPU.ActiveCfg = Release|Any CPU
		{569D7726-5194-4438-97A4-0136524F38A0}.Release|Any CPU.Build.0 = Release|Any CPU
	EndGlobalSection
	GlobalSection(SolutionProperties) = preSolution
		HideSolutionNode = FALSE
	EndGlobalSection
	GlobalSection(ExtensibilityGlobals) = postSolution
		SolutionGuid = {FBE79796-2006-401D-A73B-A1D480D80DC2}
	EndGlobalSection
EndGlobal
