
Microsoft Visual Studio Solution File, Format Version 12.00
# Visual Studio Version 16
VisualStudioVersion = 16.0.28803.352
MinimumVisualStudioVersion = 10.0.40219.1
Project("{2150E333-8FDC-42A3-9474-1A3956D46DE8}") = "Test", "Test", "{3FB61CC9-D93D-4862-A444-EB3C05F44020}"
EndProject
Project("{9A19103F-16F7-4668-BE54-9A1E7A4F7556}") = "Test.Seventiny.Cloud.ScriptEngine", "..\10-Code\Tests\Test.Seventiny.Cloud.ScriptEngine\Test.Seventiny.Cloud.ScriptEngine.csproj", "{6DE30280-F375-43FC-87F7-0167347670DC}"
EndProject
Project("{FAE04EC0-301F-11D3-BF4B-00C04F79EFBC}") = "SevenTiny.Cloud.FaaS", "..\10-Code\SevenTiny.Cloud.FaaS\SevenTiny.Cloud.FaaS.csproj", "{964BF9EA-93DB-4C5E-92EF-8FF58E6CB91C}"
EndProject
Project("{FAE04EC0-301F-11D3-BF4B-00C04F79EFBC}") = "SevenTiny.Cloud.FaaS.CSharp", "..\10-Code\SevenTiny.Cloud.FaaS.CSharp\SevenTiny.Cloud.FaaS.CSharp.csproj", "{9284045D-5E37-4EE1-815D-49FC6475A27F}"
EndProject
Project("{FAE04EC0-301F-11D3-BF4B-00C04F79EFBC}") = "SevenTiny.Cloud.FaaS.GRpc", "..\10-Code\SevenTiny.Cloud.FaaS.GRpc\SevenTiny.Cloud.FaaS.GRpc.csproj", "{93B5570C-B511-49FB-85E5-346C906DC221}"
EndProject
Global
	GlobalSection(SolutionConfigurationPlatforms) = preSolution
		Debug|Any CPU = Debug|Any CPU
		Release|Any CPU = Release|Any CPU
	EndGlobalSection
	GlobalSection(ProjectConfigurationPlatforms) = postSolution
		{6DE30280-F375-43FC-87F7-0167347670DC}.Debug|Any CPU.ActiveCfg = Debug|Any CPU
		{6DE30280-F375-43FC-87F7-0167347670DC}.Debug|Any CPU.Build.0 = Debug|Any CPU
		{6DE30280-F375-43FC-87F7-0167347670DC}.Release|Any CPU.ActiveCfg = Release|Any CPU
		{6DE30280-F375-43FC-87F7-0167347670DC}.Release|Any CPU.Build.0 = Release|Any CPU
		{964BF9EA-93DB-4C5E-92EF-8FF58E6CB91C}.Debug|Any CPU.ActiveCfg = Debug|Any CPU
		{964BF9EA-93DB-4C5E-92EF-8FF58E6CB91C}.Debug|Any CPU.Build.0 = Debug|Any CPU
		{964BF9EA-93DB-4C5E-92EF-8FF58E6CB91C}.Release|Any CPU.ActiveCfg = Release|Any CPU
		{964BF9EA-93DB-4C5E-92EF-8FF58E6CB91C}.Release|Any CPU.Build.0 = Release|Any CPU
		{9284045D-5E37-4EE1-815D-49FC6475A27F}.Debug|Any CPU.ActiveCfg = Debug|Any CPU
		{9284045D-5E37-4EE1-815D-49FC6475A27F}.Debug|Any CPU.Build.0 = Debug|Any CPU
		{9284045D-5E37-4EE1-815D-49FC6475A27F}.Release|Any CPU.ActiveCfg = Release|Any CPU
		{9284045D-5E37-4EE1-815D-49FC6475A27F}.Release|Any CPU.Build.0 = Release|Any CPU
		{93B5570C-B511-49FB-85E5-346C906DC221}.Debug|Any CPU.ActiveCfg = Debug|Any CPU
		{93B5570C-B511-49FB-85E5-346C906DC221}.Debug|Any CPU.Build.0 = Debug|Any CPU
		{93B5570C-B511-49FB-85E5-346C906DC221}.Release|Any CPU.ActiveCfg = Release|Any CPU
		{93B5570C-B511-49FB-85E5-346C906DC221}.Release|Any CPU.Build.0 = Release|Any CPU
	EndGlobalSection
	GlobalSection(SolutionProperties) = preSolution
		HideSolutionNode = FALSE
	EndGlobalSection
	GlobalSection(NestedProjects) = preSolution
		{6DE30280-F375-43FC-87F7-0167347670DC} = {3FB61CC9-D93D-4862-A444-EB3C05F44020}
	EndGlobalSection
	GlobalSection(ExtensibilityGlobals) = postSolution
		SolutionGuid = {FBE79796-2006-401D-A73B-A1D480D80DC2}
	EndGlobalSection
EndGlobal
