
Microsoft Visual Studio Solution File, Format Version 12.00
# Visual Studio Version 16
VisualStudioVersion = 16.0.28803.352
MinimumVisualStudioVersion = 10.0.40219.1
Project("{FAE04EC0-301F-11D3-BF4B-00C04F79EFBC}") = "Seventiny.Cloud.ScriptEngine.Core", "..\10-Code\Seventiny.Cloud.ScriptEngine.Core\Seventiny.Cloud.ScriptEngine.Core.csproj", "{802E5ECE-1F3B-4760-9A13-5F33B2B914D1}"
EndProject
Project("{FAE04EC0-301F-11D3-BF4B-00C04F79EFBC}") = "Seventiny.Cloud.ScriptEngine.Infrastructure", "..\10-Code\Seventiny.Cloud.ScriptEngine.Infrastructure\Seventiny.Cloud.ScriptEngine.Infrastructure.csproj", "{131EAA60-3DE1-4394-BED2-9E2681EC28FC}"
EndProject
Global
	GlobalSection(SolutionConfigurationPlatforms) = preSolution
		Debug|Any CPU = Debug|Any CPU
		Release|Any CPU = Release|Any CPU
	EndGlobalSection
	GlobalSection(ProjectConfigurationPlatforms) = postSolution
		{802E5ECE-1F3B-4760-9A13-5F33B2B914D1}.Debug|Any CPU.ActiveCfg = Debug|Any CPU
		{802E5ECE-1F3B-4760-9A13-5F33B2B914D1}.Debug|Any CPU.Build.0 = Debug|Any CPU
		{802E5ECE-1F3B-4760-9A13-5F33B2B914D1}.Release|Any CPU.ActiveCfg = Release|Any CPU
		{802E5ECE-1F3B-4760-9A13-5F33B2B914D1}.Release|Any CPU.Build.0 = Release|Any CPU
		{131EAA60-3DE1-4394-BED2-9E2681EC28FC}.Debug|Any CPU.ActiveCfg = Debug|Any CPU
		{131EAA60-3DE1-4394-BED2-9E2681EC28FC}.Debug|Any CPU.Build.0 = Debug|Any CPU
		{131EAA60-3DE1-4394-BED2-9E2681EC28FC}.Release|Any CPU.ActiveCfg = Release|Any CPU
		{131EAA60-3DE1-4394-BED2-9E2681EC28FC}.Release|Any CPU.Build.0 = Release|Any CPU
	EndGlobalSection
	GlobalSection(SolutionProperties) = preSolution
		HideSolutionNode = FALSE
	EndGlobalSection
	GlobalSection(ExtensibilityGlobals) = postSolution
		SolutionGuid = {FBE79796-2006-401D-A73B-A1D480D80DC2}
	EndGlobalSection
EndGlobal
